
Microsoft Visual Studio Solution File, Format Version 12.00
# Visual Studio 15
VisualStudioVersion = 15.0.26124.0
MinimumVisualStudioVersion = 15.0.26124.0
Project("{2150E333-8FDC-42A3-9474-1A3956D46DE8}") = "src", "src", "{4E49A904-5BDE-4F4D-B6C6-A8CF41B6D6D6}"
EndProject
Project("{FAE04EC0-301F-11D3-BF4B-00C04F79EFBC}") = "dns-tls-proxy", "src\dns-tls-proxy\dns-tls-proxy.csproj", "{0EAC555C-EDF0-4F26-89B3-E1B17280190B}"
EndProject
Project("{2150E333-8FDC-42A3-9474-1A3956D46DE8}") = "tests", "tests", "{C8D9073E-111F-4458-96CA-AEB776DE43B5}"
EndProject
Project("{FAE04EC0-301F-11D3-BF4B-00C04F79EFBC}") = "dns-tls-proxy.tests", "tests\dns-tls-proxy.tests\dns-tls-proxy.tests.csproj", "{68E2BA6F-33A4-4EE6-9FC1-E75D2313AD85}"
EndProject
Global
	GlobalSection(SolutionConfigurationPlatforms) = preSolution
		Debug|Any CPU = Debug|Any CPU
		Debug|x64 = Debug|x64
		Debug|x86 = Debug|x86
		Release|Any CPU = Release|Any CPU
		Release|x64 = Release|x64
		Release|x86 = Release|x86
	EndGlobalSection
	GlobalSection(SolutionProperties) = preSolution
		HideSolutionNode = FALSE
	EndGlobalSection
	GlobalSection(ProjectConfigurationPlatforms) = postSolution
		{0EAC555C-EDF0-4F26-89B3-E1B17280190B}.Debug|Any CPU.ActiveCfg = Debug|Any CPU
		{0EAC555C-EDF0-4F26-89B3-E1B17280190B}.Debug|Any CPU.Build.0 = Debug|Any CPU
		{0EAC555C-EDF0-4F26-89B3-E1B17280190B}.Debug|x64.ActiveCfg = Debug|Any CPU
		{0EAC555C-EDF0-4F26-89B3-E1B17280190B}.Debug|x64.Build.0 = Debug|Any CPU
		{0EAC555C-EDF0-4F26-89B3-E1B17280190B}.Debug|x86.ActiveCfg = Debug|Any CPU
		{0EAC555C-EDF0-4F26-89B3-E1B17280190B}.Debug|x86.Build.0 = Debug|Any CPU
		{0EAC555C-EDF0-4F26-89B3-E1B17280190B}.Release|Any CPU.ActiveCfg = Release|Any CPU
		{0EAC555C-EDF0-4F26-89B3-E1B17280190B}.Release|Any CPU.Build.0 = Release|Any CPU
		{0EAC555C-EDF0-4F26-89B3-E1B17280190B}.Release|x64.ActiveCfg = Release|Any CPU
		{0EAC555C-EDF0-4F26-89B3-E1B17280190B}.Release|x64.Build.0 = Release|Any CPU
		{0EAC555C-EDF0-4F26-89B3-E1B17280190B}.Release|x86.ActiveCfg = Release|Any CPU
		{0EAC555C-EDF0-4F26-89B3-E1B17280190B}.Release|x86.Build.0 = Release|Any CPU
		{68E2BA6F-33A4-4EE6-9FC1-E75D2313AD85}.Debug|Any CPU.ActiveCfg = Debug|Any CPU
		{68E2BA6F-33A4-4EE6-9FC1-E75D2313AD85}.Debug|Any CPU.Build.0 = Debug|Any CPU
		{68E2BA6F-33A4-4EE6-9FC1-E75D2313AD85}.Debug|x64.ActiveCfg = Debug|Any CPU
		{68E2BA6F-33A4-4EE6-9FC1-E75D2313AD85}.Debug|x64.Build.0 = Debug|Any CPU
		{68E2BA6F-33A4-4EE6-9FC1-E75D2313AD85}.Debug|x86.ActiveCfg = Debug|Any CPU
		{68E2BA6F-33A4-4EE6-9FC1-E75D2313AD85}.Debug|x86.Build.0 = Debug|Any CPU
		{68E2BA6F-33A4-4EE6-9FC1-E75D2313AD85}.Release|Any CPU.ActiveCfg = Release|Any CPU
		{68E2BA6F-33A4-4EE6-9FC1-E75D2313AD85}.Release|Any CPU.Build.0 = Release|Any CPU
		{68E2BA6F-33A4-4EE6-9FC1-E75D2313AD85}.Release|x64.ActiveCfg = Release|Any CPU
		{68E2BA6F-33A4-4EE6-9FC1-E75D2313AD85}.Release|x64.Build.0 = Release|Any CPU
		{68E2BA6F-33A4-4EE6-9FC1-E75D2313AD85}.Release|x86.ActiveCfg = Release|Any CPU
		{68E2BA6F-33A4-4EE6-9FC1-E75D2313AD85}.Release|x86.Build.0 = Release|Any CPU
	EndGlobalSection
	GlobalSection(NestedProjects) = preSolution
		{0EAC555C-EDF0-4F26-89B3-E1B17280190B} = {4E49A904-5BDE-4F4D-B6C6-A8CF41B6D6D6}
		{68E2BA6F-33A4-4EE6-9FC1-E75D2313AD85} = {C8D9073E-111F-4458-96CA-AEB776DE43B5}
	EndGlobalSection
EndGlobal
